// !$*UTF8*$!
{
	archiveVersion = 1;
	classes = {
	};
	objectVersion = 46;
	objects = {

/* Begin PBXBuildFile section */
		D39317071ADC1452001836DF /* AppDelegate.swift in Sources */ = {isa = PBXBuildFile; fileRef = D39317061ADC1452001836DF /* AppDelegate.swift */; };
		D39317091ADC1452001836DF /* ViewController.swift in Sources */ = {isa = PBXBuildFile; fileRef = D39317081ADC1452001836DF /* ViewController.swift */; };
		D393170C1ADC1452001836DF /* Main.storyboard in Resources */ = {isa = PBXBuildFile; fileRef = D393170A1ADC1452001836DF /* Main.storyboard */; };
		D393170E1ADC1452001836DF /* Images.xcassets in Resources */ = {isa = PBXBuildFile; fileRef = D393170D1ADC1452001836DF /* Images.xcassets */; };
		D39317111ADC1452001836DF /* LaunchScreen.xib in Resources */ = {isa = PBXBuildFile; fileRef = D393170F1ADC1452001836DF /* LaunchScreen.xib */; };
		D393171D1ADC1452001836DF /* _9_Red_Balloons_ChallengeTests.swift in Sources */ = {isa = PBXBuildFile; fileRef = D393171C1ADC1452001836DF /* _9_Red_Balloons_ChallengeTests.swift */; };
/* End PBXBuildFile section */

/* Begin PBXContainerItemProxy section */
		D39317171ADC1452001836DF /* PBXContainerItemProxy */ = {
			isa = PBXContainerItemProxy;
			containerPortal = D39316F91ADC1452001836DF /* Project object */;
			proxyType = 1;
			remoteGlobalIDString = D39317001ADC1452001836DF;
			remoteInfo = "99 Red Balloons Challenge";
		};
/* End PBXContainerItemProxy section */

/* Begin PBXFileReference section */
		D39317011ADC1452001836DF /* 99 Red Balloons Challenge.app */ = {isa = PBXFileReference; explicitFileType = wrapper.application; includeInIndex = 0; path = "99 Red Balloons Challenge.app"; sourceTree = BUILT_PRODUCTS_DIR; };
		D39317051ADC1452001836DF /* Info.plist */ = {isa = PBXFileReference; lastKnownFileType = text.plist.xml; path = Info.plist; sourceTree = "<group>"; };
		D39317061ADC1452001836DF /* AppDelegate.swift */ = {isa = PBXFileReference; lastKnownFileType = sourcecode.swift; path = AppDelegate.swift; sourceTree = "<group>"; };
		D39317081ADC1452001836DF /* ViewController.swift */ = {isa = PBXFileReference; lastKnownFileType = sourcecode.swift; path = ViewController.swift; sourceTree = "<group>"; };
		D393170B1ADC1452001836DF /* Base */ = {isa = PBXFileReference; lastKnownFileType = file.storyboard; name = Base; path = Base.lproj/Main.storyboard; sourceTree = "<group>"; };
		D393170D1ADC1452001836DF /* Images.xcassets */ = {isa = PBXFileReference; lastKnownFileType = folder.assetcatalog; path = Images.xcassets; sourceTree = "<group>"; };
		D39317101ADC1452001836DF /* Base */ = {isa = PBXFileReference; lastKnownFileType = file.xib; name = Base; path = Base.lproj/LaunchScreen.xib; sourceTree = "<group>"; };
		D39317161ADC1452001836DF /* 99 Red Balloons ChallengeTests.xctest */ = {isa = PBXFileReference; explicitFileType = wrapper.cfbundle; includeInIndex = 0; path = "99 Red Balloons ChallengeTests.xctest"; sourceTree = BUILT_PRODUCTS_DIR; };
		D393171B1ADC1452001836DF /* Info.plist */ = {isa = PBXFileReference; lastKnownFileType = text.plist.xml; path = Info.plist; sourceTree = "<group>"; };
		D393171C1ADC1452001836DF /* _9_Red_Balloons_ChallengeTests.swift */ = {isa = PBXFileReference; lastKnownFileType = sourcecode.swift; path = _9_Red_Balloons_ChallengeTests.swift; sourceTree = "<group>"; };
/* End PBXFileReference section */

/* Begin PBXFrameworksBuildPhase section */
		D39316FE1ADC1452001836DF /* Frameworks */ = {
			isa = PBXFrameworksBuildPhase;
			buildActionMask = 2147483647;
			files = (
			);
			runOnlyForDeploymentPostprocessing = 0;
		};
		D39317131ADC1452001836DF /* Frameworks */ = {
			isa = PBXFrameworksBuildPhase;
			buildActionMask = 2147483647;
			files = (
			);
			runOnlyForDeploymentPostprocessing = 0;
		};
/* End PBXFrameworksBuildPhase section */

/* Begin PBXGroup section */
		D39316F81ADC1452001836DF = {
			isa = PBXGroup;
			children = (
				D39317031ADC1452001836DF /* 99 Red Balloons Challenge */,
				D39317191ADC1452001836DF /* 99 Red Balloons ChallengeTests */,
				D39317021ADC1452001836DF /* Products */,
			);
			sourceTree = "<group>";
		};
		D39317021ADC1452001836DF /* Products */ = {
			isa = PBXGroup;
			children = (
				D39317011ADC1452001836DF /* 99 Red Balloons Challenge.app */,
				D39317161ADC1452001836DF /* 99 Red Balloons ChallengeTests.xctest */,
			);
			name = Products;
			sourceTree = "<group>";
		};
		D39317031ADC1452001836DF /* 99 Red Balloons Challenge */ = {
			isa = PBXGroup;
			children = (
				D39317061ADC1452001836DF /* AppDelegate.swift */,
				D39317081ADC1452001836DF /* ViewController.swift */,
				D393170A1ADC1452001836DF /* Main.storyboard */,
				D393170D1ADC1452001836DF /* Images.xcassets */,
				D393170F1ADC1452001836DF /* LaunchScreen.xib */,
				D39317041ADC1452001836DF /* Supporting Files */,
			);
			path = "99 Red Balloons Challenge";
			sourceTree = "<group>";
		};
		D39317041ADC1452001836DF /* Supporting Files */ = {
			isa = PBXGroup;
			children = (
				D39317051ADC1452001836DF /* Info.plist */,
			);
			name = "Supporting Files";
			sourceTree = "<group>";
		};
		D39317191ADC1452001836DF /* 99 Red Balloons ChallengeTests */ = {
			isa = PBXGroup;
			children = (
				D393171C1ADC1452001836DF /* _9_Red_Balloons_ChallengeTests.swift */,
				D393171A1ADC1452001836DF /* Supporting Files */,
			);
			path = "99 Red Balloons ChallengeTests";
			sourceTree = "<group>";
		};
		D393171A1ADC1452001836DF /* Supporting Files */ = {
			isa = PBXGroup;
			children = (
				D393171B1ADC1452001836DF /* Info.plist */,
			);
			name = "Supporting Files";
			sourceTree = "<group>";
		};
/* End PBXGroup section */

/* Begin PBXNativeTarget section */
		D39317001ADC1452001836DF /* 99 Red Balloons Challenge */ = {
			isa = PBXNativeTarget;
			buildConfigurationList = D39317201ADC1452001836DF /* Build configuration list for PBXNativeTarget "99 Red Balloons Challenge" */;
			buildPhases = (
				D39316FD1ADC1452001836DF /* Sources */,
				D39316FE1ADC1452001836DF /* Frameworks */,
				D39316FF1ADC1452001836DF /* Resources */,
			);
			buildRules = (
			);
			dependencies = (
			);
			name = "99 Red Balloons Challenge";
			productName = "99 Red Balloons Challenge";
			productReference = D39317011ADC1452001836DF /* 99 Red Balloons Challenge.app */;
			productType = "com.apple.product-type.application";
		};
		D39317151ADC1452001836DF /* 99 Red Balloons ChallengeTests */ = {
			isa = PBXNativeTarget;
			buildConfigurationList = D39317231ADC1452001836DF /* Build configuration list for PBXNativeTarget "99 Red Balloons ChallengeTests" */;
			buildPhases = (
				D39317121ADC1452001836DF /* Sources */,
				D39317131ADC1452001836DF /* Frameworks */,
				D39317141ADC1452001836DF /* Resources */,
			);
			buildRules = (
			);
			dependencies = (
				D39317181ADC1452001836DF /* PBXTargetDependency */,
			);
			name = "99 Red Balloons ChallengeTests";
			productName = "99 Red Balloons ChallengeTests";
			productReference = D39317161ADC1452001836DF /* 99 Red Balloons ChallengeTests.xctest */;
			productType = "com.apple.product-type.bundle.unit-test";
		};
/* End PBXNativeTarget section */

/* Begin PBXProject section */
		D39316F91ADC1452001836DF /* Project object */ = {
			isa = PBXProject;
			attributes = {
				LastUpgradeCheck = 0630;
				ORGANIZATIONNAME = "Brian Canty";
				TargetAttributes = {
					D39317001ADC1452001836DF = {
						CreatedOnToolsVersion = 6.3;
					};
					D39317151ADC1452001836DF = {
						CreatedOnToolsVersion = 6.3;
						TestTargetID = D39317001ADC1452001836DF;
					};
				};
			};
			buildConfigurationList = D39316FC1ADC1452001836DF /* Build configuration list for PBXProject "99 Red Balloons Challenge" */;
			compatibilityVersion = "Xcode 3.2";
			developmentRegion = English;
			hasScannedForEncodings = 0;
			knownRegions = (
				en,
				Base,
			);
			mainGroup = D39316F81ADC1452001836DF;
			productRefGroup = D39317021ADC1452001836DF /* Products */;
			projectDirPath = "";
			projectRoot = "";
			targets = (
				D39317001ADC1452001836DF /* 99 Red Balloons Challenge */,
				D39317151ADC1452001836DF /* 99 Red Balloons ChallengeTests */,
			);
		};
/* End PBXProject section */

/* Begin PBXResourcesBuildPhase section */
		D39316FF1ADC1452001836DF /* Resources */ = {
			isa = PBXResourcesBuildPhase;
			buildActionMask = 2147483647;
			files = (
				D393170C1ADC1452001836DF /* Main.storyboard in Resources */,
				D39317111ADC1452001836DF /* LaunchScreen.xib in Resources */,
				D393170E1ADC1452001836DF /* Images.xcassets in Resources */,
			);
			runOnlyForDeploymentPostprocessing = 0;
		};
		D39317141ADC1452001836DF /* Resources */ = {
			isa = PBXResourcesBuildPhase;
			buildActionMask = 2147483647;
			files = (
			);
			runOnlyForDeploymentPostprocessing = 0;
		};
/* End PBXResourcesBuildPhase section */

/* Begin PBXSourcesBuildPhase section */
		D39316FD1ADC1452001836DF /* Sources */ = {
			isa = PBXSourcesBuildPhase;
			buildActionMask = 2147483647;
			files = (
				D39317091ADC1452001836DF /* ViewController.swift in Sources */,
				D39317071ADC1452001836DF /* AppDelegate.swift in Sources */,
			);
			runOnlyForDeploymentPostprocessing = 0;
		};
		D39317121ADC1452001836DF /* Sources */ = {
			isa = PBXSourcesBuildPhase;
			buildActionMask = 2147483647;
			files = (
				D393171D1ADC1452001836DF /* _9_Red_Balloons_ChallengeTests.swift in Sources */,
			);
			runOnlyForDeploymentPostprocessing = 0;
		};
/* End PBXSourcesBuildPhase section */

/* Begin PBXTargetDependency section */
		D39317181ADC1452001836DF /* PBXTargetDependency */ = {
			isa = PBXTargetDependency;
			target = D39317001ADC1452001836DF /* 99 Red Balloons Challenge */;
			targetProxy = D39317171ADC1452001836DF /* PBXContainerItemProxy */;
		};
/* End PBXTargetDependency section */

/* Begin PBXVariantGroup section */
		D393170A1ADC1452001836DF /* Main.storyboard */ = {
			isa = PBXVariantGroup;
			children = (
				D393170B1ADC1452001836DF /* Base */,
			);
			name = Main.storyboard;
			sourceTree = "<group>";
		};
		D393170F1ADC1452001836DF /* LaunchScreen.xib */ = {
			isa = PBXVariantGroup;
			children = (
				D39317101ADC1452001836DF /* Base */,
			);
			name = LaunchScreen.xib;
			sourceTree = "<group>";
		};
/* End PBXVariantGroup section */

/* Begin XCBuildConfiguration section */
		D393171E1ADC1452001836DF /* Debug */ = {
			isa = XCBuildConfiguration;
			buildSettings = {
				ALWAYS_SEARCH_USER_PATHS = NO;
				CLANG_CXX_LANGUAGE_STANDARD = "gnu++0x";
				CLANG_CXX_LIBRARY = "libc++";
				CLANG_ENABLE_MODULES = YES;
				CLANG_ENABLE_OBJC_ARC = YES;
				CLANG_WARN_BOOL_CONVERSION = YES;
				CLANG_WARN_CONSTANT_CONVERSION = YES;
				CLANG_WARN_DIRECT_OBJC_ISA_USAGE = YES_ERROR;
				CLANG_WARN_EMPTY_BODY = YES;
				CLANG_WARN_ENUM_CONVERSION = YES;
				CLANG_WARN_INT_CONVERSION = YES;
				CLANG_WARN_OBJC_ROOT_CLASS = YES_ERROR;
				CLANG_WARN_UNREACHABLE_CODE = YES;
				CLANG_WARN__DUPLICATE_METHOD_MATCH = YES;
				"CODE_SIGN_IDENTITY[sdk=iphoneos*]" = "iPhone Developer";
				COPY_PHASE_STRIP = NO;
				DEBUG_INFORMATION_FORMAT = "dwarf-with-dsym";
				ENABLE_STRICT_OBJC_MSGSEND = YES;
				GCC_C_LANGUAGE_STANDARD = gnu99;
				GCC_DYNAMIC_NO_PIC = NO;
				GCC_NO_COMMON_BLOCKS = YES;
				GCC_OPTIMIZATION_LEVEL = 0;
				GCC_PREPROCESSOR_DEFINITIONS = (
					"DEBUG=1",
					"$(inherited)",
				);
				GCC_SYMBOLS_PRIVATE_EXTERN = NO;
				GCC_WARN_64_TO_32_BIT_CONVERSION = YES;
				GCC_WARN_ABOUT_RETURN_TYPE = YES_ERROR;
				GCC_WARN_UNDECLARED_SELECTOR = YES;
				GCC_WARN_UNINITIALIZED_AUTOS = YES_AGGRESSIVE;
				GCC_WARN_UNUSED_FUNCTION = YES;
				GCC_WARN_UNUSED_VARIABLE = YES;
				IPHONEOS_DEPLOYMENT_TARGET = 8.3;
				MTL_ENABLE_DEBUG_INFO = YES;
				ONLY_ACTIVE_ARCH = YES;
				SDKROOT = iphoneos;
				SWIFT_OPTIMIZATION_LEVEL = "-Onone";
				TARGETED_DEVICE_FAMILY = "1,2";
			};
			name = Debug;
		};
		D393171F1ADC1452001836DF /* Release */ = {
			isa = XCBuildConfiguration;
			buildSettings = {
				ALWAYS_SEARCH_USER_PATHS = NO;
				CLANG_CXX_LANGUAGE_STANDARD = "gnu++0x";
				CLANG_CXX_LIBRARY = "libc++";
				CLANG_ENABLE_MODULES = YES;
				CLANG_ENABLE_OBJC_ARC = YES;
				CLANG_WARN_BOOL_CONVERSION = YES;
				CLANG_WARN_CONSTANT_CONVERSION = YES;
				CLANG_WARN_DIRECT_OBJC_ISA_USAGE = YES_ERROR;
				CLANG_WARN_EMPTY_BODY = YES;
				CLANG_WARN_ENUM_CONVERSION = YES;
				CLANG_WARN_INT_CONVERSION = YES;
				CLANG_WARN_OBJC_ROOT_CLASS = YES_ERROR;
				CLANG_WARN_UNREACHABLE_CODE = YES;
				CLANG_WARN__DUPLICATE_METHOD_MATCH = YES;
				"CODE_SIGN_IDENTITY[sdk=iphoneos*]" = "iPhone Developer";
				COPY_PHASE_STRIP = NO;
				DEBUG_INFORMATION_FORMAT = "dwarf-with-dsym";
				ENABLE_NS_ASSERTIONS = NO;
				ENABLE_STRICT_OBJC_MSGSEND = YES;
				GCC_C_LANGUAGE_STANDARD = gnu99;
				GCC_NO_COMMON_BLOCKS = YES;
				GCC_WARN_64_TO_32_BIT_CONVERSION = YES;
				GCC_WARN_ABOUT_RETURN_TYPE = YES_ERROR;
				GCC_WARN_UNDECLARED_SELECTOR = YES;
				GCC_WARN_UNINITIALIZED_AUTOS = YES_AGGRESSIVE;
				GCC_WARN_UNUSED_FUNCTION = YES;
				GCC_WARN_UNUSED_VARIABLE = YES;
				IPHONEOS_DEPLOYMENT_TARGET = 8.3;
				MTL_ENABLE_DEBUG_INFO = NO;
				SDKROOT = iphoneos;
				TARGETED_DEVICE_FAMILY = "1,2";
				VALIDATE_PRODUCT = YES;
			};
			name = Release;
		};
		D39317211ADC1452001836DF /* Debug */ = {
			isa = XCBuildConfiguration;
			buildSettings = {
				ASSETCATALOG_COMPILER_APPICON_NAME = AppIcon;
				INFOPLIST_FILE = "99 Red Balloons Challenge/Info.plist";
				LD_RUNPATH_SEARCH_PATHS = "$(inherited) @executable_path/Frameworks";
				PRODUCT_NAME = "$(TARGET_NAME)";
			};
			name = Debug;
		};
		D39317221ADC1452001836DF /* Release */ = {
			isa = XCBuildConfiguration;
			buildSettings = {
				ASSETCATALOG_COMPILER_APPICON_NAME = AppIcon;
				INFOPLIST_FILE = "99 Red Balloons Challenge/Info.plist";
				LD_RUNPATH_SEARCH_PATHS = "$(inherited) @executable_path/Frameworks";
				PRODUCT_NAME = "$(TARGET_NAME)";
			};
			name = Release;
		};
		D39317241ADC1452001836DF /* Debug */ = {
			isa = XCBuildConfiguration;
			buildSettings = {
				BUNDLE_LOADER = "$(TEST_HOST)";
				FRAMEWORK_SEARCH_PATHS = (
					"$(SDKROOT)/Developer/Library/Frameworks",
					"$(inherited)",
				);
				GCC_PREPROCESSOR_DEFINITIONS = (
					"DEBUG=1",
					"$(inherited)",
				);
				INFOPLIST_FILE = "99 Red Balloons ChallengeTests/Info.plist";
				LD_RUNPATH_SEARCH_PATHS = "$(inherited) @executable_path/Frameworks @loader_path/Frameworks";
				PRODUCT_NAME = "$(TARGET_NAME)";
				TEST_HOST = "$(BUILT_PRODUCTS_DIR)/99 Red Balloons Challenge.app/99 Red Balloons Challenge";
			};
			name = Debug;
		};
		D39317251ADC1452001836DF /* Release */ = {
			isa = XCBuildConfiguration;
			buildSettings = {
				BUNDLE_LOADER = "$(TEST_HOST)";
				FRAMEWORK_SEARCH_PATHS = (
					"$(SDKROOT)/Developer/Library/Frameworks",
					"$(inherited)",
				);
				INFOPLIST_FILE = "99 Red Balloons ChallengeTests/Info.plist";
				LD_RUNPATH_SEARCH_PATHS = "$(inherited) @executable_path/Frameworks @loader_path/Frameworks";
				PRODUCT_NAME = "$(TARGET_NAME)";
				TEST_HOST = "$(BUILT_PRODUCTS_DIR)/99 Red Balloons Challenge.app/99 Red Balloons Challenge";
			};
			name = Release;
		};
/* End XCBuildConfiguration section */

/* Begin XCConfigurationList section */
		D39316FC1ADC1452001836DF /* Build configuration list for PBXProject "99 Red Balloons Challenge" */ = {
			isa = XCConfigurationList;
			buildConfigurations = (
				D393171E1ADC1452001836DF /* Debug */,
				D393171F1ADC1452001836DF /* Release */,
			);
			defaultConfigurationIsVisible = 0;
			defaultConfigurationName = Release;
		};
		D39317201ADC1452001836DF /* Build configuration list for PBXNativeTarget "99 Red Balloons Challenge" */ = {
			isa = XCConfigurationList;
			buildConfigurations = (
				D39317211ADC1452001836DF /* Debug */,
				D39317221ADC1452001836DF /* Release */,
			);
			defaultConfigurationIsVisible = 0;
		};
		D39317231ADC1452001836DF /* Build configuration list for PBXNativeTarget "99 Red Balloons ChallengeTests" */ = {
			isa = XCConfigurationList;
			buildConfigurations = (
				D39317241ADC1452001836DF /* Debug */,
				D39317251ADC1452001836DF /* Release */,
			);
			defaultConfigurationIsVisible = 0;
		};
/* End XCConfigurationList section */
	};
	rootObject = D39316F91ADC1452001836DF /* Project object */;
}
